
Microsoft Visual Studio Solution File, Format Version 12.00
# Visual Studio Version 17
VisualStudioVersion = 17.0.31903.59
MinimumVisualStudioVersion = 10.0.40219.1
Project("{9A19103F-16F7-4668-BE54-9A1E7A4F7556}") = "SunamoExceptions", "..\sunamoWithoutDep\SunamoExceptions\SunamoExceptions.csproj", "{F3F6F3CA-A5F5-4994-9666-3FED63614B8F}"
EndProject
Project("{9A19103F-16F7-4668-BE54-9A1E7A4F7556}") = "SunamoGeoTools", "SunamoGeoTools\SunamoGeoTools.csproj", "{6A4711EA-F8B6-4847-B7EE-B13B1364F919}"
EndProject
Project("{9A19103F-16F7-4668-BE54-9A1E7A4F7556}") = "FubuCore", "FubuCore\FubuCore.csproj", "{342B987C-E0A4-4129-958D-8E08084E8A06}"
EndProject
Project("{9A19103F-16F7-4668-BE54-9A1E7A4F7556}") = "FluentFtp", "FluentFtp\FluentFtp.csproj", "{7BF9704D-23A4-419A-961D-A5267E9CADE3}"
EndProject
Project("{9A19103F-16F7-4668-BE54-9A1E7A4F7556}") = "FubuCsprojFile", "FubuCsProjFile\FubuCsprojFile.csproj", "{E686B686-3DFD-4262-81D8-0AD7671644A0}"
EndProject
Project("{9A19103F-16F7-4668-BE54-9A1E7A4F7556}") = "FlvExtract", "FlvExtract\FlvExtract.csproj", "{F28E27FB-CF3D-4AB3-B61C-47EFEAEBEC4F}"
EndProject
Project("{9A19103F-16F7-4668-BE54-9A1E7A4F7556}") = "GoogleTranslateFreeApi", "GoogleTranslateFreeApi2\GoogleTranslateFreeApi.csproj", "{A0EEEF6B-64D7-4438-BD4D-DA7675045687}"
EndProject
Project("{9A19103F-16F7-4668-BE54-9A1E7A4F7556}") = "SlnGen.Common.sunamo", "SlnGen.Common\SlnGen.Common.SunamoShared.csproj", "{7563E08E-CD16-482B-A2C2-5EFC895E089B}"
EndProject
Project("{9A19103F-16F7-4668-BE54-9A1E7A4F7556}") = "fmdev.ResX", "fmdev.ResX\fmdev.ResX.csproj", "{1DEAB070-DEAF-4E23-8FE1-447C5D2291B6}"
EndProject
Project("{9A19103F-16F7-4668-BE54-9A1E7A4F7556}") = "XliffParser", "XliffParser\XliffParser.csproj", "{19C34FE9-917B-4686-867D-0CEBBE1101F0}"
EndProject
Project("{9A19103F-16F7-4668-BE54-9A1E7A4F7556}") = "SunamoShared", "..\sunamoWithoutDep\SunamoShared\SunamoShared.csproj", "{440E5BC3-15A8-43FF-B290-02564FD57EBA}"
EndProject
Project("{9A19103F-16F7-4668-BE54-9A1E7A4F7556}") = "ExCSS", "ExCSS.web\ExCSS.csproj", "{7C7D5FEC-DFC5-4A0C-8465-A6BB510DD950}"
EndProject
Project("{9A19103F-16F7-4668-BE54-9A1E7A4F7556}") = "Metaproject.PackageIndex.Functions.ParseCsprojFile", "Metaproject.PackageIndex.Functions.ParseCsprojFile\Metaproject.PackageIndex.Functions.ParseCsprojFile.csproj", "{CCB1BFF6-E570-49A9-BED2-40971AEFF3A8}"
EndProject
Project("{9A19103F-16F7-4668-BE54-9A1E7A4F7556}") = "Metaproject.PackageIndex.Functions.ParseCsprojFiles", "Metaproject.PackageIndex.Functions.ParseCsprojFiles\Metaproject.PackageIndex.Functions.ParseCsprojFiles.csproj", "{4D7D1853-1927-4D80-9103-A230A7780F11}"
EndProject
Project("{9A19103F-16F7-4668-BE54-9A1E7A4F7556}") = "Metaproject.PackageIndex.Structures.PackageProject", "Metaproject.PackageIndex.Structures.PackageProject\Metaproject.PackageIndex.Structures.PackageProject.csproj", "{76B33CDE-0BC7-4CB2-9187-20AF8F770799}"
EndProject
Project("{9A19103F-16F7-4668-BE54-9A1E7A4F7556}") = "SimpleSitemap", "SimpleSitemap\SimpleSitemap.csproj", "{C44917DA-02E7-455B-A144-2D9A96BEC1EF}"
EndProject
Project("{9A19103F-16F7-4668-BE54-9A1E7A4F7556}") = "TurnerSoftware.RobotsExclusionTools", "TurnerSoftware.RobotsExclusionTools\TurnerSoftware.RobotsExclusionTools.csproj", "{78F91371-0718-4D7F-8E9D-E4DE32D2687B}"
EndProject
Project("{9A19103F-16F7-4668-BE54-9A1E7A4F7556}") = "TurnerSoftware.SitemapTools", "TurnerSoftware.SitemapTools\TurnerSoftware.SitemapTools.csproj", "{52117DD1-52C6-45AF-B0EF-D52E3F997C71}"
EndProject
Project("{9A19103F-16F7-4668-BE54-9A1E7A4F7556}") = "SunamoLang", "..\sunamoWithoutDep\SunamoLang\SunamoLang.csproj", "{E12CA896-052C-4E1A-9A59-3148BC8BA855}"
EndProject
Project("{9A19103F-16F7-4668-BE54-9A1E7A4F7556}") = "SunamoBitLockerManager", "SunamoBitlockerManager\SunamoBitLockerManager.csproj", "{19173DB5-23C6-480E-AC3F-E10A5FE68A5C}"
EndProject
Global
	GlobalSection(SolutionConfigurationPlatforms) = preSolution
		Debug|Any CPU = Debug|Any CPU
		Debug|x64 = Debug|x64
		Debug|x86 = Debug|x86
		Release|Any CPU = Release|Any CPU
		Release|x64 = Release|x64
		Release|x86 = Release|x86
	EndGlobalSection
	GlobalSection(ProjectConfigurationPlatforms) = postSolution
		{F3F6F3CA-A5F5-4994-9666-3FED63614B8F}.Debug|Any CPU.ActiveCfg = Debug|Any CPU
		{F3F6F3CA-A5F5-4994-9666-3FED63614B8F}.Debug|Any CPU.Build.0 = Debug|Any CPU
		{F3F6F3CA-A5F5-4994-9666-3FED63614B8F}.Debug|x64.ActiveCfg = Debug|x64
		{F3F6F3CA-A5F5-4994-9666-3FED63614B8F}.Debug|x64.Build.0 = Debug|x64
		{F3F6F3CA-A5F5-4994-9666-3FED63614B8F}.Debug|x86.ActiveCfg = Debug|x86
		{F3F6F3CA-A5F5-4994-9666-3FED63614B8F}.Debug|x86.Build.0 = Debug|x86
		{F3F6F3CA-A5F5-4994-9666-3FED63614B8F}.Release|Any CPU.ActiveCfg = Release|Any CPU
		{F3F6F3CA-A5F5-4994-9666-3FED63614B8F}.Release|Any CPU.Build.0 = Release|Any CPU
		{F3F6F3CA-A5F5-4994-9666-3FED63614B8F}.Release|x64.ActiveCfg = Release|x64
		{F3F6F3CA-A5F5-4994-9666-3FED63614B8F}.Release|x64.Build.0 = Release|x64
		{F3F6F3CA-A5F5-4994-9666-3FED63614B8F}.Release|x86.ActiveCfg = Release|x86
		{F3F6F3CA-A5F5-4994-9666-3FED63614B8F}.Release|x86.Build.0 = Release|x86
		{6A4711EA-F8B6-4847-B7EE-B13B1364F919}.Debug|Any CPU.ActiveCfg = Debug|Any CPU
		{6A4711EA-F8B6-4847-B7EE-B13B1364F919}.Debug|Any CPU.Build.0 = Debug|Any CPU
		{6A4711EA-F8B6-4847-B7EE-B13B1364F919}.Debug|x64.ActiveCfg = Debug|x64
		{6A4711EA-F8B6-4847-B7EE-B13B1364F919}.Debug|x64.Build.0 = Debug|x64
		{6A4711EA-F8B6-4847-B7EE-B13B1364F919}.Debug|x86.ActiveCfg = Debug|x86
		{6A4711EA-F8B6-4847-B7EE-B13B1364F919}.Debug|x86.Build.0 = Debug|x86
		{6A4711EA-F8B6-4847-B7EE-B13B1364F919}.Release|Any CPU.ActiveCfg = Release|Any CPU
		{6A4711EA-F8B6-4847-B7EE-B13B1364F919}.Release|Any CPU.Build.0 = Release|Any CPU
		{6A4711EA-F8B6-4847-B7EE-B13B1364F919}.Release|x64.ActiveCfg = Release|x64
		{6A4711EA-F8B6-4847-B7EE-B13B1364F919}.Release|x64.Build.0 = Release|x64
		{6A4711EA-F8B6-4847-B7EE-B13B1364F919}.Release|x86.ActiveCfg = Release|x86
		{6A4711EA-F8B6-4847-B7EE-B13B1364F919}.Release|x86.Build.0 = Release|x86
		{342B987C-E0A4-4129-958D-8E08084E8A06}.Debug|Any CPU.ActiveCfg = Debug|Any CPU
		{342B987C-E0A4-4129-958D-8E08084E8A06}.Debug|Any CPU.Build.0 = Debug|Any CPU
		{342B987C-E0A4-4129-958D-8E08084E8A06}.Debug|x64.ActiveCfg = Debug|x64
		{342B987C-E0A4-4129-958D-8E08084E8A06}.Debug|x64.Build.0 = Debug|x64
		{342B987C-E0A4-4129-958D-8E08084E8A06}.Debug|x86.ActiveCfg = Debug|x86
		{342B987C-E0A4-4129-958D-8E08084E8A06}.Debug|x86.Build.0 = Debug|x86
		{342B987C-E0A4-4129-958D-8E08084E8A06}.Release|Any CPU.ActiveCfg = Release|Any CPU
		{342B987C-E0A4-4129-958D-8E08084E8A06}.Release|Any CPU.Build.0 = Release|Any CPU
		{342B987C-E0A4-4129-958D-8E08084E8A06}.Release|x64.ActiveCfg = Release|x64
		{342B987C-E0A4-4129-958D-8E08084E8A06}.Release|x64.Build.0 = Release|x64
		{342B987C-E0A4-4129-958D-8E08084E8A06}.Release|x86.ActiveCfg = Release|x86
		{342B987C-E0A4-4129-958D-8E08084E8A06}.Release|x86.Build.0 = Release|x86
		{7BF9704D-23A4-419A-961D-A5267E9CADE3}.Debug|Any CPU.ActiveCfg = Debug|Any CPU
		{7BF9704D-23A4-419A-961D-A5267E9CADE3}.Debug|Any CPU.Build.0 = Debug|Any CPU
		{7BF9704D-23A4-419A-961D-A5267E9CADE3}.Debug|x64.ActiveCfg = Debug|x64
		{7BF9704D-23A4-419A-961D-A5267E9CADE3}.Debug|x64.Build.0 = Debug|x64
		{7BF9704D-23A4-419A-961D-A5267E9CADE3}.Debug|x86.ActiveCfg = Debug|x86
		{7BF9704D-23A4-419A-961D-A5267E9CADE3}.Debug|x86.Build.0 = Debug|x86
		{7BF9704D-23A4-419A-961D-A5267E9CADE3}.Release|Any CPU.ActiveCfg = Release|Any CPU
		{7BF9704D-23A4-419A-961D-A5267E9CADE3}.Release|Any CPU.Build.0 = Release|Any CPU
		{7BF9704D-23A4-419A-961D-A5267E9CADE3}.Release|x64.ActiveCfg = Release|x64
		{7BF9704D-23A4-419A-961D-A5267E9CADE3}.Release|x64.Build.0 = Release|x64
		{7BF9704D-23A4-419A-961D-A5267E9CADE3}.Release|x86.ActiveCfg = Release|x86
		{7BF9704D-23A4-419A-961D-A5267E9CADE3}.Release|x86.Build.0 = Release|x86
		{E686B686-3DFD-4262-81D8-0AD7671644A0}.Debug|Any CPU.ActiveCfg = Debug|Any CPU
		{E686B686-3DFD-4262-81D8-0AD7671644A0}.Debug|Any CPU.Build.0 = Debug|Any CPU
		{E686B686-3DFD-4262-81D8-0AD7671644A0}.Debug|x64.ActiveCfg = Debug|x64
		{E686B686-3DFD-4262-81D8-0AD7671644A0}.Debug|x64.Build.0 = Debug|x64
		{E686B686-3DFD-4262-81D8-0AD7671644A0}.Debug|x86.ActiveCfg = Debug|x86
		{E686B686-3DFD-4262-81D8-0AD7671644A0}.Debug|x86.Build.0 = Debug|x86
		{E686B686-3DFD-4262-81D8-0AD7671644A0}.Release|Any CPU.ActiveCfg = Release|Any CPU
		{E686B686-3DFD-4262-81D8-0AD7671644A0}.Release|Any CPU.Build.0 = Release|Any CPU
		{E686B686-3DFD-4262-81D8-0AD7671644A0}.Release|x64.ActiveCfg = Release|x64
		{E686B686-3DFD-4262-81D8-0AD7671644A0}.Release|x64.Build.0 = Release|x64
		{E686B686-3DFD-4262-81D8-0AD7671644A0}.Release|x86.ActiveCfg = Release|x86
		{E686B686-3DFD-4262-81D8-0AD7671644A0}.Release|x86.Build.0 = Release|x86
		{F28E27FB-CF3D-4AB3-B61C-47EFEAEBEC4F}.Debug|Any CPU.ActiveCfg = Debug|Any CPU
		{F28E27FB-CF3D-4AB3-B61C-47EFEAEBEC4F}.Debug|Any CPU.Build.0 = Debug|Any CPU
		{F28E27FB-CF3D-4AB3-B61C-47EFEAEBEC4F}.Debug|x64.ActiveCfg = Debug|x64
		{F28E27FB-CF3D-4AB3-B61C-47EFEAEBEC4F}.Debug|x64.Build.0 = Debug|x64
		{F28E27FB-CF3D-4AB3-B61C-47EFEAEBEC4F}.Debug|x86.ActiveCfg = Debug|x86
		{F28E27FB-CF3D-4AB3-B61C-47EFEAEBEC4F}.Debug|x86.Build.0 = Debug|x86
		{F28E27FB-CF3D-4AB3-B61C-47EFEAEBEC4F}.Release|Any CPU.ActiveCfg = Release|Any CPU
		{F28E27FB-CF3D-4AB3-B61C-47EFEAEBEC4F}.Release|Any CPU.Build.0 = Release|Any CPU
		{F28E27FB-CF3D-4AB3-B61C-47EFEAEBEC4F}.Release|x64.ActiveCfg = Release|x64
		{F28E27FB-CF3D-4AB3-B61C-47EFEAEBEC4F}.Release|x64.Build.0 = Release|x64
		{F28E27FB-CF3D-4AB3-B61C-47EFEAEBEC4F}.Release|x86.ActiveCfg = Release|x86
		{F28E27FB-CF3D-4AB3-B61C-47EFEAEBEC4F}.Release|x86.Build.0 = Release|x86
		{A0EEEF6B-64D7-4438-BD4D-DA7675045687}.Debug|Any CPU.ActiveCfg = Debug|Any CPU
		{A0EEEF6B-64D7-4438-BD4D-DA7675045687}.Debug|Any CPU.Build.0 = Debug|Any CPU
		{A0EEEF6B-64D7-4438-BD4D-DA7675045687}.Debug|x64.ActiveCfg = Debug|x64
		{A0EEEF6B-64D7-4438-BD4D-DA7675045687}.Debug|x64.Build.0 = Debug|x64
		{A0EEEF6B-64D7-4438-BD4D-DA7675045687}.Debug|x86.ActiveCfg = Debug|x86
		{A0EEEF6B-64D7-4438-BD4D-DA7675045687}.Debug|x86.Build.0 = Debug|x86
		{A0EEEF6B-64D7-4438-BD4D-DA7675045687}.Release|Any CPU.ActiveCfg = Release|Any CPU
		{A0EEEF6B-64D7-4438-BD4D-DA7675045687}.Release|Any CPU.Build.0 = Release|Any CPU
		{A0EEEF6B-64D7-4438-BD4D-DA7675045687}.Release|x64.ActiveCfg = Release|x64
		{A0EEEF6B-64D7-4438-BD4D-DA7675045687}.Release|x64.Build.0 = Release|x64
		{A0EEEF6B-64D7-4438-BD4D-DA7675045687}.Release|x86.ActiveCfg = Release|x86
		{A0EEEF6B-64D7-4438-BD4D-DA7675045687}.Release|x86.Build.0 = Release|x86
		{7563E08E-CD16-482B-A2C2-5EFC895E089B}.Debug|Any CPU.ActiveCfg = Debug|Any CPU
		{7563E08E-CD16-482B-A2C2-5EFC895E089B}.Debug|Any CPU.Build.0 = Debug|Any CPU
		{7563E08E-CD16-482B-A2C2-5EFC895E089B}.Debug|x64.ActiveCfg = Debug|x64
		{7563E08E-CD16-482B-A2C2-5EFC895E089B}.Debug|x64.Build.0 = Debug|x64
		{7563E08E-CD16-482B-A2C2-5EFC895E089B}.Debug|x86.ActiveCfg = Debug|x86
		{7563E08E-CD16-482B-A2C2-5EFC895E089B}.Debug|x86.Build.0 = Debug|x86
		{7563E08E-CD16-482B-A2C2-5EFC895E089B}.Release|Any CPU.ActiveCfg = Release|Any CPU
		{7563E08E-CD16-482B-A2C2-5EFC895E089B}.Release|Any CPU.Build.0 = Release|Any CPU
		{7563E08E-CD16-482B-A2C2-5EFC895E089B}.Release|x64.ActiveCfg = Release|x64
		{7563E08E-CD16-482B-A2C2-5EFC895E089B}.Release|x64.Build.0 = Release|x64
		{7563E08E-CD16-482B-A2C2-5EFC895E089B}.Release|x86.ActiveCfg = Release|x86
		{7563E08E-CD16-482B-A2C2-5EFC895E089B}.Release|x86.Build.0 = Release|x86
		{1DEAB070-DEAF-4E23-8FE1-447C5D2291B6}.Debug|Any CPU.ActiveCfg = Debug|Any CPU
		{1DEAB070-DEAF-4E23-8FE1-447C5D2291B6}.Debug|Any CPU.Build.0 = Debug|Any CPU
		{1DEAB070-DEAF-4E23-8FE1-447C5D2291B6}.Debug|x64.ActiveCfg = Debug|x64
		{1DEAB070-DEAF-4E23-8FE1-447C5D2291B6}.Debug|x64.Build.0 = Debug|x64
		{1DEAB070-DEAF-4E23-8FE1-447C5D2291B6}.Debug|x86.ActiveCfg = Debug|x86
		{1DEAB070-DEAF-4E23-8FE1-447C5D2291B6}.Debug|x86.Build.0 = Debug|x86
		{1DEAB070-DEAF-4E23-8FE1-447C5D2291B6}.Release|Any CPU.ActiveCfg = Release|Any CPU
		{1DEAB070-DEAF-4E23-8FE1-447C5D2291B6}.Release|Any CPU.Build.0 = Release|Any CPU
		{1DEAB070-DEAF-4E23-8FE1-447C5D2291B6}.Release|x64.ActiveCfg = Release|x64
		{1DEAB070-DEAF-4E23-8FE1-447C5D2291B6}.Release|x64.Build.0 = Release|x64
		{1DEAB070-DEAF-4E23-8FE1-447C5D2291B6}.Release|x86.ActiveCfg = Release|x86
		{1DEAB070-DEAF-4E23-8FE1-447C5D2291B6}.Release|x86.Build.0 = Release|x86
		{19C34FE9-917B-4686-867D-0CEBBE1101F0}.Debug|Any CPU.ActiveCfg = Debug|Any CPU
		{19C34FE9-917B-4686-867D-0CEBBE1101F0}.Debug|Any CPU.Build.0 = Debug|Any CPU
		{19C34FE9-917B-4686-867D-0CEBBE1101F0}.Debug|x64.ActiveCfg = Debug|x64
		{19C34FE9-917B-4686-867D-0CEBBE1101F0}.Debug|x64.Build.0 = Debug|x64
		{19C34FE9-917B-4686-867D-0CEBBE1101F0}.Debug|x86.ActiveCfg = Debug|x86
		{19C34FE9-917B-4686-867D-0CEBBE1101F0}.Debug|x86.Build.0 = Debug|x86
		{19C34FE9-917B-4686-867D-0CEBBE1101F0}.Release|Any CPU.ActiveCfg = Release|Any CPU
		{19C34FE9-917B-4686-867D-0CEBBE1101F0}.Release|Any CPU.Build.0 = Release|Any CPU
		{19C34FE9-917B-4686-867D-0CEBBE1101F0}.Release|x64.ActiveCfg = Release|x64
		{19C34FE9-917B-4686-867D-0CEBBE1101F0}.Release|x64.Build.0 = Release|x64
		{19C34FE9-917B-4686-867D-0CEBBE1101F0}.Release|x86.ActiveCfg = Release|x86
		{19C34FE9-917B-4686-867D-0CEBBE1101F0}.Release|x86.Build.0 = Release|x86
		{440E5BC3-15A8-43FF-B290-02564FD57EBA}.Debug|Any CPU.ActiveCfg = Debug|Any CPU
		{440E5BC3-15A8-43FF-B290-02564FD57EBA}.Debug|Any CPU.Build.0 = Debug|Any CPU
		{440E5BC3-15A8-43FF-B290-02564FD57EBA}.Debug|x64.ActiveCfg = Debug|x64
		{440E5BC3-15A8-43FF-B290-02564FD57EBA}.Debug|x64.Build.0 = Debug|x64
		{440E5BC3-15A8-43FF-B290-02564FD57EBA}.Debug|x86.ActiveCfg = Debug|x86
		{440E5BC3-15A8-43FF-B290-02564FD57EBA}.Debug|x86.Build.0 = Debug|x86
		{440E5BC3-15A8-43FF-B290-02564FD57EBA}.Release|Any CPU.ActiveCfg = Release|Any CPU
		{440E5BC3-15A8-43FF-B290-02564FD57EBA}.Release|Any CPU.Build.0 = Release|Any CPU
		{440E5BC3-15A8-43FF-B290-02564FD57EBA}.Release|x64.ActiveCfg = Release|x64
		{440E5BC3-15A8-43FF-B290-02564FD57EBA}.Release|x64.Build.0 = Release|x64
		{440E5BC3-15A8-43FF-B290-02564FD57EBA}.Release|x86.ActiveCfg = Release|x86
		{440E5BC3-15A8-43FF-B290-02564FD57EBA}.Release|x86.Build.0 = Release|x86
		{7C7D5FEC-DFC5-4A0C-8465-A6BB510DD950}.Debug|Any CPU.ActiveCfg = Debug|Any CPU
		{7C7D5FEC-DFC5-4A0C-8465-A6BB510DD950}.Debug|Any CPU.Build.0 = Debug|Any CPU
		{7C7D5FEC-DFC5-4A0C-8465-A6BB510DD950}.Debug|x64.ActiveCfg = Debug|x64
		{7C7D5FEC-DFC5-4A0C-8465-A6BB510DD950}.Debug|x64.Build.0 = Debug|x64
		{7C7D5FEC-DFC5-4A0C-8465-A6BB510DD950}.Debug|x86.ActiveCfg = Debug|x86
		{7C7D5FEC-DFC5-4A0C-8465-A6BB510DD950}.Debug|x86.Build.0 = Debug|x86
		{7C7D5FEC-DFC5-4A0C-8465-A6BB510DD950}.Release|Any CPU.ActiveCfg = Release|Any CPU
		{7C7D5FEC-DFC5-4A0C-8465-A6BB510DD950}.Release|Any CPU.Build.0 = Release|Any CPU
		{7C7D5FEC-DFC5-4A0C-8465-A6BB510DD950}.Release|x64.ActiveCfg = Release|x64
		{7C7D5FEC-DFC5-4A0C-8465-A6BB510DD950}.Release|x64.Build.0 = Release|x64
		{7C7D5FEC-DFC5-4A0C-8465-A6BB510DD950}.Release|x86.ActiveCfg = Release|x86
		{7C7D5FEC-DFC5-4A0C-8465-A6BB510DD950}.Release|x86.Build.0 = Release|x86
		{CCB1BFF6-E570-49A9-BED2-40971AEFF3A8}.Debug|Any CPU.ActiveCfg = Debug|Any CPU
		{CCB1BFF6-E570-49A9-BED2-40971AEFF3A8}.Debug|Any CPU.Build.0 = Debug|Any CPU
		{CCB1BFF6-E570-49A9-BED2-40971AEFF3A8}.Debug|x64.ActiveCfg = Debug|x64
		{CCB1BFF6-E570-49A9-BED2-40971AEFF3A8}.Debug|x64.Build.0 = Debug|x64
		{CCB1BFF6-E570-49A9-BED2-40971AEFF3A8}.Debug|x86.ActiveCfg = Debug|x86
		{CCB1BFF6-E570-49A9-BED2-40971AEFF3A8}.Debug|x86.Build.0 = Debug|x86
		{CCB1BFF6-E570-49A9-BED2-40971AEFF3A8}.Release|Any CPU.ActiveCfg = Release|Any CPU
		{CCB1BFF6-E570-49A9-BED2-40971AEFF3A8}.Release|Any CPU.Build.0 = Release|Any CPU
		{CCB1BFF6-E570-49A9-BED2-40971AEFF3A8}.Release|x64.ActiveCfg = Release|x64
		{CCB1BFF6-E570-49A9-BED2-40971AEFF3A8}.Release|x64.Build.0 = Release|x64
		{CCB1BFF6-E570-49A9-BED2-40971AEFF3A8}.Release|x86.ActiveCfg = Release|x86
		{CCB1BFF6-E570-49A9-BED2-40971AEFF3A8}.Release|x86.Build.0 = Release|x86
		{4D7D1853-1927-4D80-9103-A230A7780F11}.Debug|Any CPU.ActiveCfg = Debug|Any CPU
		{4D7D1853-1927-4D80-9103-A230A7780F11}.Debug|Any CPU.Build.0 = Debug|Any CPU
		{4D7D1853-1927-4D80-9103-A230A7780F11}.Debug|x64.ActiveCfg = Debug|x64
		{4D7D1853-1927-4D80-9103-A230A7780F11}.Debug|x64.Build.0 = Debug|x64
		{4D7D1853-1927-4D80-9103-A230A7780F11}.Debug|x86.ActiveCfg = Debug|x86
		{4D7D1853-1927-4D80-9103-A230A7780F11}.Debug|x86.Build.0 = Debug|x86
		{4D7D1853-1927-4D80-9103-A230A7780F11}.Release|Any CPU.ActiveCfg = Release|Any CPU
		{4D7D1853-1927-4D80-9103-A230A7780F11}.Release|Any CPU.Build.0 = Release|Any CPU
		{4D7D1853-1927-4D80-9103-A230A7780F11}.Release|x64.ActiveCfg = Release|x64
		{4D7D1853-1927-4D80-9103-A230A7780F11}.Release|x64.Build.0 = Release|x64
		{4D7D1853-1927-4D80-9103-A230A7780F11}.Release|x86.ActiveCfg = Release|x86
		{4D7D1853-1927-4D80-9103-A230A7780F11}.Release|x86.Build.0 = Release|x86
		{76B33CDE-0BC7-4CB2-9187-20AF8F770799}.Debug|Any CPU.ActiveCfg = Debug|Any CPU
		{76B33CDE-0BC7-4CB2-9187-20AF8F770799}.Debug|Any CPU.Build.0 = Debug|Any CPU
		{76B33CDE-0BC7-4CB2-9187-20AF8F770799}.Debug|x64.ActiveCfg = Debug|x64
		{76B33CDE-0BC7-4CB2-9187-20AF8F770799}.Debug|x64.Build.0 = Debug|x64
		{76B33CDE-0BC7-4CB2-9187-20AF8F770799}.Debug|x86.ActiveCfg = Debug|x86
		{76B33CDE-0BC7-4CB2-9187-20AF8F770799}.Debug|x86.Build.0 = Debug|x86
		{76B33CDE-0BC7-4CB2-9187-20AF8F770799}.Release|Any CPU.ActiveCfg = Release|Any CPU
		{76B33CDE-0BC7-4CB2-9187-20AF8F770799}.Release|Any CPU.Build.0 = Release|Any CPU
		{76B33CDE-0BC7-4CB2-9187-20AF8F770799}.Release|x64.ActiveCfg = Release|x64
		{76B33CDE-0BC7-4CB2-9187-20AF8F770799}.Release|x64.Build.0 = Release|x64
		{76B33CDE-0BC7-4CB2-9187-20AF8F770799}.Release|x86.ActiveCfg = Release|x86
		{76B33CDE-0BC7-4CB2-9187-20AF8F770799}.Release|x86.Build.0 = Release|x86
		{C44917DA-02E7-455B-A144-2D9A96BEC1EF}.Debug|Any CPU.ActiveCfg = Debug|Any CPU
		{C44917DA-02E7-455B-A144-2D9A96BEC1EF}.Debug|Any CPU.Build.0 = Debug|Any CPU
		{C44917DA-02E7-455B-A144-2D9A96BEC1EF}.Debug|x64.ActiveCfg = Debug|x64
		{C44917DA-02E7-455B-A144-2D9A96BEC1EF}.Debug|x64.Build.0 = Debug|x64
		{C44917DA-02E7-455B-A144-2D9A96BEC1EF}.Debug|x86.ActiveCfg = Debug|x86
		{C44917DA-02E7-455B-A144-2D9A96BEC1EF}.Debug|x86.Build.0 = Debug|x86
		{C44917DA-02E7-455B-A144-2D9A96BEC1EF}.Release|Any CPU.ActiveCfg = Release|Any CPU
		{C44917DA-02E7-455B-A144-2D9A96BEC1EF}.Release|Any CPU.Build.0 = Release|Any CPU
		{C44917DA-02E7-455B-A144-2D9A96BEC1EF}.Release|x64.ActiveCfg = Release|x64
		{C44917DA-02E7-455B-A144-2D9A96BEC1EF}.Release|x64.Build.0 = Release|x64
		{C44917DA-02E7-455B-A144-2D9A96BEC1EF}.Release|x86.ActiveCfg = Release|x86
		{C44917DA-02E7-455B-A144-2D9A96BEC1EF}.Release|x86.Build.0 = Release|x86
		{78F91371-0718-4D7F-8E9D-E4DE32D2687B}.Debug|Any CPU.ActiveCfg = Debug|Any CPU
		{78F91371-0718-4D7F-8E9D-E4DE32D2687B}.Debug|Any CPU.Build.0 = Debug|Any CPU
		{78F91371-0718-4D7F-8E9D-E4DE32D2687B}.Debug|x64.ActiveCfg = Debug|x64
		{78F91371-0718-4D7F-8E9D-E4DE32D2687B}.Debug|x64.Build.0 = Debug|x64
		{78F91371-0718-4D7F-8E9D-E4DE32D2687B}.Debug|x86.ActiveCfg = Debug|x86
		{78F91371-0718-4D7F-8E9D-E4DE32D2687B}.Debug|x86.Build.0 = Debug|x86
		{78F91371-0718-4D7F-8E9D-E4DE32D2687B}.Release|Any CPU.ActiveCfg = Release|Any CPU
		{78F91371-0718-4D7F-8E9D-E4DE32D2687B}.Release|Any CPU.Build.0 = Release|Any CPU
		{78F91371-0718-4D7F-8E9D-E4DE32D2687B}.Release|x64.ActiveCfg = Release|x64
		{78F91371-0718-4D7F-8E9D-E4DE32D2687B}.Release|x64.Build.0 = Release|x64
		{78F91371-0718-4D7F-8E9D-E4DE32D2687B}.Release|x86.ActiveCfg = Release|x86
		{78F91371-0718-4D7F-8E9D-E4DE32D2687B}.Release|x86.Build.0 = Release|x86
		{52117DD1-52C6-45AF-B0EF-D52E3F997C71}.Debug|Any CPU.ActiveCfg = Debug|Any CPU
		{52117DD1-52C6-45AF-B0EF-D52E3F997C71}.Debug|Any CPU.Build.0 = Debug|Any CPU
		{52117DD1-52C6-45AF-B0EF-D52E3F997C71}.Debug|x64.ActiveCfg = Debug|x64
		{52117DD1-52C6-45AF-B0EF-D52E3F997C71}.Debug|x64.Build.0 = Debug|x64
		{52117DD1-52C6-45AF-B0EF-D52E3F997C71}.Debug|x86.ActiveCfg = Debug|x86
		{52117DD1-52C6-45AF-B0EF-D52E3F997C71}.Debug|x86.Build.0 = Debug|x86
		{52117DD1-52C6-45AF-B0EF-D52E3F997C71}.Release|Any CPU.ActiveCfg = Release|Any CPU
		{52117DD1-52C6-45AF-B0EF-D52E3F997C71}.Release|Any CPU.Build.0 = Release|Any CPU
		{52117DD1-52C6-45AF-B0EF-D52E3F997C71}.Release|x64.ActiveCfg = Release|x64
		{52117DD1-52C6-45AF-B0EF-D52E3F997C71}.Release|x64.Build.0 = Release|x64
		{52117DD1-52C6-45AF-B0EF-D52E3F997C71}.Release|x86.ActiveCfg = Release|x86
		{52117DD1-52C6-45AF-B0EF-D52E3F997C71}.Release|x86.Build.0 = Release|x86
		{E12CA896-052C-4E1A-9A59-3148BC8BA855}.Debug|Any CPU.ActiveCfg = Debug|Any CPU
		{E12CA896-052C-4E1A-9A59-3148BC8BA855}.Debug|Any CPU.Build.0 = Debug|Any CPU
		{E12CA896-052C-4E1A-9A59-3148BC8BA855}.Debug|x64.ActiveCfg = Debug|Any CPU
		{E12CA896-052C-4E1A-9A59-3148BC8BA855}.Debug|x64.Build.0 = Debug|Any CPU
		{E12CA896-052C-4E1A-9A59-3148BC8BA855}.Debug|x86.ActiveCfg = Debug|x86
		{E12CA896-052C-4E1A-9A59-3148BC8BA855}.Debug|x86.Build.0 = Debug|x86
		{E12CA896-052C-4E1A-9A59-3148BC8BA855}.Release|Any CPU.ActiveCfg = Release|Any CPU
		{E12CA896-052C-4E1A-9A59-3148BC8BA855}.Release|Any CPU.Build.0 = Release|Any CPU
		{E12CA896-052C-4E1A-9A59-3148BC8BA855}.Release|x64.ActiveCfg = Release|Any CPU
		{E12CA896-052C-4E1A-9A59-3148BC8BA855}.Release|x64.Build.0 = Release|Any CPU
		{E12CA896-052C-4E1A-9A59-3148BC8BA855}.Release|x86.ActiveCfg = Release|x86
		{E12CA896-052C-4E1A-9A59-3148BC8BA855}.Release|x86.Build.0 = Release|x86
		{19173DB5-23C6-480E-AC3F-E10A5FE68A5C}.Debug|Any CPU.ActiveCfg = Debug|Any CPU
		{19173DB5-23C6-480E-AC3F-E10A5FE68A5C}.Debug|Any CPU.Build.0 = Debug|Any CPU
		{19173DB5-23C6-480E-AC3F-E10A5FE68A5C}.Debug|x64.ActiveCfg = Debug|Any CPU
		{19173DB5-23C6-480E-AC3F-E10A5FE68A5C}.Debug|x64.Build.0 = Debug|Any CPU
		{19173DB5-23C6-480E-AC3F-E10A5FE68A5C}.Debug|x86.ActiveCfg = Debug|Any CPU
		{19173DB5-23C6-480E-AC3F-E10A5FE68A5C}.Debug|x86.Build.0 = Debug|Any CPU
		{19173DB5-23C6-480E-AC3F-E10A5FE68A5C}.Release|Any CPU.ActiveCfg = Release|Any CPU
		{19173DB5-23C6-480E-AC3F-E10A5FE68A5C}.Release|Any CPU.Build.0 = Release|Any CPU
		{19173DB5-23C6-480E-AC3F-E10A5FE68A5C}.Release|x64.ActiveCfg = Release|Any CPU
		{19173DB5-23C6-480E-AC3F-E10A5FE68A5C}.Release|x64.Build.0 = Release|Any CPU
		{19173DB5-23C6-480E-AC3F-E10A5FE68A5C}.Release|x86.ActiveCfg = Release|Any CPU
		{19173DB5-23C6-480E-AC3F-E10A5FE68A5C}.Release|x86.Build.0 = Release|Any CPU
	EndGlobalSection
	GlobalSection(SolutionProperties) = preSolution
		HideSolutionNode = FALSE
	EndGlobalSection
	GlobalSection(ExtensibilityGlobals) = postSolution
		SolutionGuid = {EC2BBBD6-E7BB-4C50-AE02-B38494FC1789}
	EndGlobalSection
EndGlobal
